// !$*UTF8*$!
{
	archiveVersion = 1;
	classes = {
	};
	objectVersion = 50;
	objects = {

/* Begin PBXBuildFile section */
		268E782922036625000163A3 /* AppDelegate.swift in Sources */ = {isa = PBXBuildFile; fileRef = 268E782822036625000163A3 /* AppDelegate.swift */; };
		268E782B22036625000163A3 /* GameScene.sks in Resources */ = {isa = PBXBuildFile; fileRef = 268E782A22036625000163A3 /* GameScene.sks */; };
		268E782D22036625000163A3 /* Actions.sks in Resources */ = {isa = PBXBuildFile; fileRef = 268E782C22036625000163A3 /* Actions.sks */; };
		268E782F22036625000163A3 /* GameScene.swift in Sources */ = {isa = PBXBuildFile; fileRef = 268E782E22036625000163A3 /* GameScene.swift */; };
		268E783122036625000163A3 /* GameViewController.swift in Sources */ = {isa = PBXBuildFile; fileRef = 268E783022036625000163A3 /* GameViewController.swift */; };
		268E783422036625000163A3 /* Main.storyboard in Resources */ = {isa = PBXBuildFile; fileRef = 268E783222036625000163A3 /* Main.storyboard */; };
		268E783622036626000163A3 /* Assets.xcassets in Resources */ = {isa = PBXBuildFile; fileRef = 268E783522036626000163A3 /* Assets.xcassets */; };
		268E783922036626000163A3 /* LaunchScreen.storyboard in Resources */ = {isa = PBXBuildFile; fileRef = 268E783722036626000163A3 /* LaunchScreen.storyboard */; };
		268E784422036626000163A3 /* Magic_the_Gathering_PVPTests.swift in Sources */ = {isa = PBXBuildFile; fileRef = 268E784322036626000163A3 /* Magic_the_Gathering_PVPTests.swift */; };
		268E784F22036626000163A3 /* Magic_the_Gathering_PVPUITests.swift in Sources */ = {isa = PBXBuildFile; fileRef = 268E784E22036626000163A3 /* Magic_the_Gathering_PVPUITests.swift */; };
/* End PBXBuildFile section */

/* Begin PBXContainerItemProxy section */
		268E784022036626000163A3 /* PBXContainerItemProxy */ = {
			isa = PBXContainerItemProxy;
			containerPortal = 268E781D22036625000163A3 /* Project object */;
			proxyType = 1;
			remoteGlobalIDString = 268E782422036625000163A3;
			remoteInfo = "Magic the Gathering PVP";
		};
		268E784B22036626000163A3 /* PBXContainerItemProxy */ = {
			isa = PBXContainerItemProxy;
			containerPortal = 268E781D22036625000163A3 /* Project object */;
			proxyType = 1;
			remoteGlobalIDString = 268E782422036625000163A3;
			remoteInfo = "Magic the Gathering PVP";
		};
/* End PBXContainerItemProxy section */

/* Begin PBXFileReference section */
		268E782522036625000163A3 /* Magic the Gathering PVP.app */ = {isa = PBXFileReference; explicitFileType = wrapper.application; includeInIndex = 0; path = "Magic the Gathering PVP.app"; sourceTree = BUILT_PRODUCTS_DIR; };
		268E782822036625000163A3 /* AppDelegate.swift */ = {isa = PBXFileReference; lastKnownFileType = sourcecode.swift; path = AppDelegate.swift; sourceTree = "<group>"; };
		268E782A22036625000163A3 /* GameScene.sks */ = {isa = PBXFileReference; lastKnownFileType = file.sks; path = GameScene.sks; sourceTree = "<group>"; };
		268E782C22036625000163A3 /* Actions.sks */ = {isa = PBXFileReference; lastKnownFileType = file.sks; path = Actions.sks; sourceTree = "<group>"; };
		268E782E22036625000163A3 /* GameScene.swift */ = {isa = PBXFileReference; lastKnownFileType = sourcecode.swift; path = GameScene.swift; sourceTree = "<group>"; };
		268E783022036625000163A3 /* GameViewController.swift */ = {isa = PBXFileReference; lastKnownFileType = sourcecode.swift; path = GameViewController.swift; sourceTree = "<group>"; };
		268E783322036625000163A3 /* Base */ = {isa = PBXFileReference; lastKnownFileType = file.storyboard; name = Base; path = Base.lproj/Main.storyboard; sourceTree = "<group>"; };
		268E783522036626000163A3 /* Assets.xcassets */ = {isa = PBXFileReference; lastKnownFileType = folder.assetcatalog; path = Assets.xcassets; sourceTree = "<group>"; };
		268E783822036626000163A3 /* Base */ = {isa = PBXFileReference; lastKnownFileType = file.storyboard; name = Base; path = Base.lproj/LaunchScreen.storyboard; sourceTree = "<group>"; };
		268E783A22036626000163A3 /* Info.plist */ = {isa = PBXFileReference; lastKnownFileType = text.plist.xml; path = Info.plist; sourceTree = "<group>"; };
		268E783F22036626000163A3 /* Magic the Gathering PVPTests.xctest */ = {isa = PBXFileReference; explicitFileType = wrapper.cfbundle; includeInIndex = 0; path = "Magic the Gathering PVPTests.xctest"; sourceTree = BUILT_PRODUCTS_DIR; };
		268E784322036626000163A3 /* Magic_the_Gathering_PVPTests.swift */ = {isa = PBXFileReference; lastKnownFileType = sourcecode.swift; path = Magic_the_Gathering_PVPTests.swift; sourceTree = "<group>"; };
		268E784522036626000163A3 /* Info.plist */ = {isa = PBXFileReference; lastKnownFileType = text.plist.xml; path = Info.plist; sourceTree = "<group>"; };
		268E784A22036626000163A3 /* Magic the Gathering PVPUITests.xctest */ = {isa = PBXFileReference; explicitFileType = wrapper.cfbundle; includeInIndex = 0; path = "Magic the Gathering PVPUITests.xctest"; sourceTree = BUILT_PRODUCTS_DIR; };
		268E784E22036626000163A3 /* Magic_the_Gathering_PVPUITests.swift */ = {isa = PBXFileReference; lastKnownFileType = sourcecode.swift; path = Magic_the_Gathering_PVPUITests.swift; sourceTree = "<group>"; };
		268E785022036626000163A3 /* Info.plist */ = {isa = PBXFileReference; lastKnownFileType = text.plist.xml; path = Info.plist; sourceTree = "<group>"; };
/* End PBXFileReference section */

/* Begin PBXFrameworksBuildPhase section */
		268E782222036625000163A3 /* Frameworks */ = {
			isa = PBXFrameworksBuildPhase;
			buildActionMask = 2147483647;
			files = (
			);
			runOnlyForDeploymentPostprocessing = 0;
		};
		268E783C22036626000163A3 /* Frameworks */ = {
			isa = PBXFrameworksBuildPhase;
			buildActionMask = 2147483647;
			files = (
			);
			runOnlyForDeploymentPostprocessing = 0;
		};
		268E784722036626000163A3 /* Frameworks */ = {
			isa = PBXFrameworksBuildPhase;
			buildActionMask = 2147483647;
			files = (
			);
			runOnlyForDeploymentPostprocessing = 0;
		};
/* End PBXFrameworksBuildPhase section */

/* Begin PBXGroup section */
		268E781C22036625000163A3 = {
			isa = PBXGroup;
			children = (
				268E782722036625000163A3 /* Magic the Gathering PVP */,
				268E784222036626000163A3 /* Magic the Gathering PVPTests */,
				268E784D22036626000163A3 /* Magic the Gathering PVPUITests */,
				268E782622036625000163A3 /* Products */,
			);
			sourceTree = "<group>";
		};
		268E782622036625000163A3 /* Products */ = {
			isa = PBXGroup;
			children = (
				268E782522036625000163A3 /* Magic the Gathering PVP.app */,
				268E783F22036626000163A3 /* Magic the Gathering PVPTests.xctest */,
				268E784A22036626000163A3 /* Magic the Gathering PVPUITests.xctest */,
			);
			name = Products;
			sourceTree = "<group>";
		};
		268E782722036625000163A3 /* Magic the Gathering PVP */ = {
			isa = PBXGroup;
			children = (
				268E782822036625000163A3 /* AppDelegate.swift */,
				268E782A22036625000163A3 /* GameScene.sks */,
				268E782C22036625000163A3 /* Actions.sks */,
				268E782E22036625000163A3 /* GameScene.swift */,
				268E783022036625000163A3 /* GameViewController.swift */,
				268E783222036625000163A3 /* Main.storyboard */,
				268E783522036626000163A3 /* Assets.xcassets */,
				268E783722036626000163A3 /* LaunchScreen.storyboard */,
				268E783A22036626000163A3 /* Info.plist */,
			);
			path = "Magic the Gathering PVP";
			sourceTree = "<group>";
		};
		268E784222036626000163A3 /* Magic the Gathering PVPTests */ = {
			isa = PBXGroup;
			children = (
				268E784322036626000163A3 /* Magic_the_Gathering_PVPTests.swift */,
				268E784522036626000163A3 /* Info.plist */,
			);
			path = "Magic the Gathering PVPTests";
			sourceTree = "<group>";
		};
		268E784D22036626000163A3 /* Magic the Gathering PVPUITests */ = {
			isa = PBXGroup;
			children = (
				268E784E22036626000163A3 /* Magic_the_Gathering_PVPUITests.swift */,
				268E785022036626000163A3 /* Info.plist */,
			);
			path = "Magic the Gathering PVPUITests";
			sourceTree = "<group>";
		};
/* End PBXGroup section */

/* Begin PBXNativeTarget section */
		268E782422036625000163A3 /* Magic the Gathering PVP */ = {
			isa = PBXNativeTarget;
			buildConfigurationList = 268E785322036626000163A3 /* Build configuration list for PBXNativeTarget "Magic the Gathering PVP" */;
			buildPhases = (
				268E782122036625000163A3 /* Sources */,
				268E782222036625000163A3 /* Frameworks */,
				268E782322036625000163A3 /* Resources */,
			);
			buildRules = (
			);
			dependencies = (
			);
			name = "Magic the Gathering PVP";
			productName = "Magic the Gathering PVP";
			productReference = 268E782522036625000163A3 /* Magic the Gathering PVP.app */;
			productType = "com.apple.product-type.application";
		};
		268E783E22036626000163A3 /* Magic the Gathering PVPTests */ = {
			isa = PBXNativeTarget;
			buildConfigurationList = 268E785622036626000163A3 /* Build configuration list for PBXNativeTarget "Magic the Gathering PVPTests" */;
			buildPhases = (
				268E783B22036626000163A3 /* Sources */,
				268E783C22036626000163A3 /* Frameworks */,
				268E783D22036626000163A3 /* Resources */,
			);
			buildRules = (
			);
			dependencies = (
				268E784122036626000163A3 /* PBXTargetDependency */,
			);
			name = "Magic the Gathering PVPTests";
			productName = "Magic the Gathering PVPTests";
			productReference = 268E783F22036626000163A3 /* Magic the Gathering PVPTests.xctest */;
			productType = "com.apple.product-type.bundle.unit-test";
		};
		268E784922036626000163A3 /* Magic the Gathering PVPUITests */ = {
			isa = PBXNativeTarget;
			buildConfigurationList = 268E785922036626000163A3 /* Build configuration list for PBXNativeTarget "Magic the Gathering PVPUITests" */;
			buildPhases = (
				268E784622036626000163A3 /* Sources */,
				268E784722036626000163A3 /* Frameworks */,
				268E784822036626000163A3 /* Resources */,
			);
			buildRules = (
			);
			dependencies = (
				268E784C22036626000163A3 /* PBXTargetDependency */,
			);
			name = "Magic the Gathering PVPUITests";
			productName = "Magic the Gathering PVPUITests";
			productReference = 268E784A22036626000163A3 /* Magic the Gathering PVPUITests.xctest */;
			productType = "com.apple.product-type.bundle.ui-testing";
		};
/* End PBXNativeTarget section */

/* Begin PBXProject section */
		268E781D22036625000163A3 /* Project object */ = {
			isa = PBXProject;
			attributes = {
				LastSwiftUpdateCheck = 1010;
				LastUpgradeCheck = 1010;
				ORGANIZATIONNAME = "Bryan Rumsey";
				TargetAttributes = {
					268E782422036625000163A3 = {
						CreatedOnToolsVersion = 10.1;
					};
					268E783E22036626000163A3 = {
						CreatedOnToolsVersion = 10.1;
						TestTargetID = 268E782422036625000163A3;
					};
					268E784922036626000163A3 = {
						CreatedOnToolsVersion = 10.1;
						TestTargetID = 268E782422036625000163A3;
					};
				};
			};
			buildConfigurationList = 268E782022036625000163A3 /* Build configuration list for PBXProject "Magic the Gathering PVP" */;
			compatibilityVersion = "Xcode 9.3";
			developmentRegion = en;
			hasScannedForEncodings = 0;
			knownRegions = (
				en,
				Base,
			);
			mainGroup = 268E781C22036625000163A3;
			productRefGroup = 268E782622036625000163A3 /* Products */;
			projectDirPath = "";
			projectRoot = "";
			targets = (
				268E782422036625000163A3 /* Magic the Gathering PVP */,
				268E783E22036626000163A3 /* Magic the Gathering PVPTests */,
				268E784922036626000163A3 /* Magic the Gathering PVPUITests */,
			);
		};
/* End PBXProject section */

/* Begin PBXResourcesBuildPhase section */
		268E782322036625000163A3 /* Resources */ = {
			isa = PBXResourcesBuildPhase;
			buildActionMask = 2147483647;
			files = (
				268E783422036625000163A3 /* Main.storyboard in Resources */,
				268E782B22036625000163A3 /* GameScene.sks in Resources */,
				268E783622036626000163A3 /* Assets.xcassets in Resources */,
				268E783922036626000163A3 /* LaunchScreen.storyboard in Resources */,
				268E782D22036625000163A3 /* Actions.sks in Resources */,
			);
			runOnlyForDeploymentPostprocessing = 0;
		};
		268E783D22036626000163A3 /* Resources */ = {
			isa = PBXResourcesBuildPhase;
			buildActionMask = 2147483647;
			files = (
			);
			runOnlyForDeploymentPostprocessing = 0;
		};
		268E784822036626000163A3 /* Resources */ = {
			isa = PBXResourcesBuildPhase;
			buildActionMask = 2147483647;
			files = (
			);
			runOnlyForDeploymentPostprocessing = 0;
		};
/* End PBXResourcesBuildPhase section */

/* Begin PBXSourcesBuildPhase section */
		268E782122036625000163A3 /* Sources */ = {
			isa = PBXSourcesBuildPhase;
			buildActionMask = 2147483647;
			files = (
				268E782F22036625000163A3 /* GameScene.swift in Sources */,
				268E783122036625000163A3 /* GameViewController.swift in Sources */,
				268E782922036625000163A3 /* AppDelegate.swift in Sources */,
			);
			runOnlyForDeploymentPostprocessing = 0;
		};
		268E783B22036626000163A3 /* Sources */ = {
			isa = PBXSourcesBuildPhase;
			buildActionMask = 2147483647;
			files = (
				268E784422036626000163A3 /* Magic_the_Gathering_PVPTests.swift in Sources */,
			);
			runOnlyForDeploymentPostprocessing = 0;
		};
		268E784622036626000163A3 /* Sources */ = {
			isa = PBXSourcesBuildPhase;
			buildActionMask = 2147483647;
			files = (
				268E784F22036626000163A3 /* Magic_the_Gathering_PVPUITests.swift in Sources */,
			);
			runOnlyForDeploymentPostprocessing = 0;
		};
/* End PBXSourcesBuildPhase section */

/* Begin PBXTargetDependency section */
		268E784122036626000163A3 /* PBXTargetDependency */ = {
			isa = PBXTargetDependency;
			target = 268E782422036625000163A3 /* Magic the Gathering PVP */;
			targetProxy = 268E784022036626000163A3 /* PBXContainerItemProxy */;
		};
		268E784C22036626000163A3 /* PBXTargetDependency */ = {
			isa = PBXTargetDependency;
			target = 268E782422036625000163A3 /* Magic the Gathering PVP */;
			targetProxy = 268E784B22036626000163A3 /* PBXContainerItemProxy */;
		};
/* End PBXTargetDependency section */

/* Begin PBXVariantGroup section */
		268E783222036625000163A3 /* Main.storyboard */ = {
			isa = PBXVariantGroup;
			children = (
				268E783322036625000163A3 /* Base */,
			);
			name = Main.storyboard;
			sourceTree = "<group>";
		};
		268E783722036626000163A3 /* LaunchScreen.storyboard */ = {
			isa = PBXVariantGroup;
			children = (
				268E783822036626000163A3 /* Base */,
			);
			name = LaunchScreen.storyboard;
			sourceTree = "<group>";
		};
/* End PBXVariantGroup section */

/* Begin XCBuildConfiguration section */
		268E785122036626000163A3 /* Debug */ = {
			isa = XCBuildConfiguration;
			buildSettings = {
				ALWAYS_SEARCH_USER_PATHS = NO;
				CLANG_ANALYZER_NONNULL = YES;
				CLANG_ANALYZER_NUMBER_OBJECT_CONVERSION = YES_AGGRESSIVE;
				CLANG_CXX_LANGUAGE_STANDARD = "gnu++14";
				CLANG_CXX_LIBRARY = "libc++";
				CLANG_ENABLE_MODULES = YES;
				CLANG_ENABLE_OBJC_ARC = YES;
				CLANG_ENABLE_OBJC_WEAK = YES;
				CLANG_WARN_BLOCK_CAPTURE_AUTORELEASING = YES;
				CLANG_WARN_BOOL_CONVERSION = YES;
				CLANG_WARN_COMMA = YES;
				CLANG_WARN_CONSTANT_CONVERSION = YES;
				CLANG_WARN_DEPRECATED_OBJC_IMPLEMENTATIONS = YES;
				CLANG_WARN_DIRECT_OBJC_ISA_USAGE = YES_ERROR;
				CLANG_WARN_DOCUMENTATION_COMMENTS = YES;
				CLANG_WARN_EMPTY_BODY = YES;
				CLANG_WARN_ENUM_CONVERSION = YES;
				CLANG_WARN_INFINITE_RECURSION = YES;
				CLANG_WARN_INT_CONVERSION = YES;
				CLANG_WARN_NON_LITERAL_NULL_CONVERSION = YES;
				CLANG_WARN_OBJC_IMPLICIT_RETAIN_SELF = YES;
				CLANG_WARN_OBJC_LITERAL_CONVERSION = YES;
				CLANG_WARN_OBJC_ROOT_CLASS = YES_ERROR;
				CLANG_WARN_RANGE_LOOP_ANALYSIS = YES;
				CLANG_WARN_STRICT_PROTOTYPES = YES;
				CLANG_WARN_SUSPICIOUS_MOVE = YES;
				CLANG_WARN_UNGUARDED_AVAILABILITY = YES_AGGRESSIVE;
				CLANG_WARN_UNREACHABLE_CODE = YES;
				CLANG_WARN__DUPLICATE_METHOD_MATCH = YES;
				CODE_SIGN_IDENTITY = "iPhone Developer";
				COPY_PHASE_STRIP = NO;
				DEBUG_INFORMATION_FORMAT = dwarf;
				ENABLE_STRICT_OBJC_MSGSEND = YES;
				ENABLE_TESTABILITY = YES;
				GCC_C_LANGUAGE_STANDARD = gnu11;
				GCC_DYNAMIC_NO_PIC = NO;
				GCC_NO_COMMON_BLOCKS = YES;
				GCC_OPTIMIZATION_LEVEL = 0;
				GCC_PREPROCESSOR_DEFINITIONS = (
					"DEBUG=1",
					"$(inherited)",
				);
				GCC_WARN_64_TO_32_BIT_CONVERSION = YES;
				GCC_WARN_ABOUT_RETURN_TYPE = YES_ERROR;
				GCC_WARN_UNDECLARED_SELECTOR = YES;
				GCC_WARN_UNINITIALIZED_AUTOS = YES_AGGRESSIVE;
				GCC_WARN_UNUSED_FUNCTION = YES;
				GCC_WARN_UNUSED_VARIABLE = YES;
				IPHONEOS_DEPLOYMENT_TARGET = 12.1;
				MTL_ENABLE_DEBUG_INFO = INCLUDE_SOURCE;
				MTL_FAST_MATH = YES;
				ONLY_ACTIVE_ARCH = YES;
				SDKROOT = iphoneos;
				SWIFT_ACTIVE_COMPILATION_CONDITIONS = DEBUG;
				SWIFT_OPTIMIZATION_LEVEL = "-Onone";
			};
			name = Debug;
		};
		268E785222036626000163A3 /* Release */ = {
			isa = XCBuildConfiguration;
			buildSettings = {
				ALWAYS_SEARCH_USER_PATHS = NO;
				CLANG_ANALYZER_NONNULL = YES;
				CLANG_ANALYZER_NUMBER_OBJECT_CONVERSION = YES_AGGRESSIVE;
				CLANG_CXX_LANGUAGE_STANDARD = "gnu++14";
				CLANG_CXX_LIBRARY = "libc++";
				CLANG_ENABLE_MODULES = YES;
				CLANG_ENABLE_OBJC_ARC = YES;
				CLANG_ENABLE_OBJC_WEAK = YES;
				CLANG_WARN_BLOCK_CAPTURE_AUTORELEASING = YES;
				CLANG_WARN_BOOL_CONVERSION = YES;
				CLANG_WARN_COMMA = YES;
				CLANG_WARN_CONSTANT_CONVERSION = YES;
				CLANG_WARN_DEPRECATED_OBJC_IMPLEMENTATIONS = YES;
				CLANG_WARN_DIRECT_OBJC_ISA_USAGE = YES_ERROR;
				CLANG_WARN_DOCUMENTATION_COMMENTS = YES;
				CLANG_WARN_EMPTY_BODY = YES;
				CLANG_WARN_ENUM_CONVERSION = YES;
				CLANG_WARN_INFINITE_RECURSION = YES;
				CLANG_WARN_INT_CONVERSION = YES;
				CLANG_WARN_NON_LITERAL_NULL_CONVERSION = YES;
				CLANG_WARN_OBJC_IMPLICIT_RETAIN_SELF = YES;
				CLANG_WARN_OBJC_LITERAL_CONVERSION = YES;
				CLANG_WARN_OBJC_ROOT_CLASS = YES_ERROR;
				CLANG_WARN_RANGE_LOOP_ANALYSIS = YES;
				CLANG_WARN_STRICT_PROTOTYPES = YES;
				CLANG_WARN_SUSPICIOUS_MOVE = YES;
				CLANG_WARN_UNGUARDED_AVAILABILITY = YES_AGGRESSIVE;
				CLANG_WARN_UNREACHABLE_CODE = YES;
				CLANG_WARN__DUPLICATE_METHOD_MATCH = YES;
				CODE_SIGN_IDENTITY = "iPhone Developer";
				COPY_PHASE_STRIP = NO;
				DEBUG_INFORMATION_FORMAT = "dwarf-with-dsym";
				ENABLE_NS_ASSERTIONS = NO;
				ENABLE_STRICT_OBJC_MSGSEND = YES;
				GCC_C_LANGUAGE_STANDARD = gnu11;
				GCC_NO_COMMON_BLOCKS = YES;
				GCC_WARN_64_TO_32_BIT_CONVERSION = YES;
				GCC_WARN_ABOUT_RETURN_TYPE = YES_ERROR;
				GCC_WARN_UNDECLARED_SELECTOR = YES;
				GCC_WARN_UNINITIALIZED_AUTOS = YES_AGGRESSIVE;
				GCC_WARN_UNUSED_FUNCTION = YES;
				GCC_WARN_UNUSED_VARIABLE = YES;
				IPHONEOS_DEPLOYMENT_TARGET = 12.1;
				MTL_ENABLE_DEBUG_INFO = NO;
				MTL_FAST_MATH = YES;
				SDKROOT = iphoneos;
				SWIFT_COMPILATION_MODE = wholemodule;
				SWIFT_OPTIMIZATION_LEVEL = "-O";
				VALIDATE_PRODUCT = YES;
			};
			name = Release;
		};
		268E785422036626000163A3 /* Debug */ = {
			isa = XCBuildConfiguration;
			buildSettings = {
				ASSETCATALOG_COMPILER_APPICON_NAME = AppIcon;
				CODE_SIGN_STYLE = Automatic;
				DEVELOPMENT_TEAM = M348W9Z4MK;
				INFOPLIST_FILE = "Magic the Gathering PVP/Info.plist";
				LD_RUNPATH_SEARCH_PATHS = (
					"$(inherited)",
					"@executable_path/Frameworks",
				);
				PRODUCT_BUNDLE_IDENTIFIER = "com.bryanrumsey.Magic-the-Gathering-PVP";
				PRODUCT_NAME = "$(TARGET_NAME)";
				SWIFT_VERSION = 4.2;
				TARGETED_DEVICE_FAMILY = "1,2";
			};
			name = Debug;
		};
		268E785522036626000163A3 /* Release */ = {
			isa = XCBuildConfiguration;
			buildSettings = {
				ASSETCATALOG_COMPILER_APPICON_NAME = AppIcon;
				CODE_SIGN_STYLE = Automatic;
				DEVELOPMENT_TEAM = M348W9Z4MK;
				INFOPLIST_FILE = "Magic the Gathering PVP/Info.plist";
				LD_RUNPATH_SEARCH_PATHS = (
					"$(inherited)",
					"@executable_path/Frameworks",
				);
				PRODUCT_BUNDLE_IDENTIFIER = "com.bryanrumsey.Magic-the-Gathering-PVP";
				PRODUCT_NAME = "$(TARGET_NAME)";
				SWIFT_VERSION = 4.2;
				TARGETED_DEVICE_FAMILY = "1,2";
			};
			name = Release;
		};
		268E785722036626000163A3 /* Debug */ = {
			isa = XCBuildConfiguration;
			buildSettings = {
				ALWAYS_EMBED_SWIFT_STANDARD_LIBRARIES = YES;
				BUNDLE_LOADER = "$(TEST_HOST)";
				CODE_SIGN_STYLE = Automatic;
				DEVELOPMENT_TEAM = M348W9Z4MK;
				INFOPLIST_FILE = "Magic the Gathering PVPTests/Info.plist";
				LD_RUNPATH_SEARCH_PATHS = (
					"$(inherited)",
					"@executable_path/Frameworks",
					"@loader_path/Frameworks",
				);
				PRODUCT_BUNDLE_IDENTIFIER = "com.bryanrumsey.Magic-the-Gathering-PVPTests";
				PRODUCT_NAME = "$(TARGET_NAME)";
				SWIFT_VERSION = 4.2;
				TARGETED_DEVICE_FAMILY = "1,2";
				TEST_HOST = "$(BUILT_PRODUCTS_DIR)/Magic the Gathering PVP.app/Magic the Gathering PVP";
			};
			name = Debug;
		};
		268E785822036626000163A3 /* Release */ = {
			isa = XCBuildConfiguration;
			buildSettings = {
				ALWAYS_EMBED_SWIFT_STANDARD_LIBRARIES = YES;
				BUNDLE_LOADER = "$(TEST_HOST)";
				CODE_SIGN_STYLE = Automatic;
				DEVELOPMENT_TEAM = M348W9Z4MK;
				INFOPLIST_FILE = "Magic the Gathering PVPTests/Info.plist";
				LD_RUNPATH_SEARCH_PATHS = (
					"$(inherited)",
					"@executable_path/Frameworks",
					"@loader_path/Frameworks",
				);
				PRODUCT_BUNDLE_IDENTIFIER = "com.bryanrumsey.Magic-the-Gathering-PVPTests";
				PRODUCT_NAME = "$(TARGET_NAME)";
				SWIFT_VERSION = 4.2;
				TARGETED_DEVICE_FAMILY = "1,2";
				TEST_HOST = "$(BUILT_PRODUCTS_DIR)/Magic the Gathering PVP.app/Magic the Gathering PVP";
			};
			name = Release;
		};
		268E785A22036626000163A3 /* Debug */ = {
			isa = XCBuildConfiguration;
			buildSettings = {
				ALWAYS_EMBED_SWIFT_STANDARD_LIBRARIES = YES;
				CODE_SIGN_STYLE = Automatic;
				DEVELOPMENT_TEAM = M348W9Z4MK;
				INFOPLIST_FILE = "Magic the Gathering PVPUITests/Info.plist";
				LD_RUNPATH_SEARCH_PATHS = (
					"$(inherited)",
					"@executable_path/Frameworks",
					"@loader_path/Frameworks",
				);
				PRODUCT_BUNDLE_IDENTIFIER = "com.bryanrumsey.Magic-the-Gathering-PVPUITests";
				PRODUCT_NAME = "$(TARGET_NAME)";
				SWIFT_VERSION = 4.2;
				TARGETED_DEVICE_FAMILY = "1,2";
				TEST_TARGET_NAME = "Magic the Gathering PVP";
			};
			name = Debug;
		};
		268E785B22036626000163A3 /* Release */ = {
			isa = XCBuildConfiguration;
			buildSettings = {
				ALWAYS_EMBED_SWIFT_STANDARD_LIBRARIES = YES;
				CODE_SIGN_STYLE = Automatic;
				DEVELOPMENT_TEAM = M348W9Z4MK;
				INFOPLIST_FILE = "Magic the Gathering PVPUITests/Info.plist";
				LD_RUNPATH_SEARCH_PATHS = (
					"$(inherited)",
					"@executable_path/Frameworks",
					"@loader_path/Frameworks",
				);
				PRODUCT_BUNDLE_IDENTIFIER = "com.bryanrumsey.Magic-the-Gathering-PVPUITests";
				PRODUCT_NAME = "$(TARGET_NAME)";
				SWIFT_VERSION = 4.2;
				TARGETED_DEVICE_FAMILY = "1,2";
				TEST_TARGET_NAME = "Magic the Gathering PVP";
			};
			name = Release;
		};
/* End XCBuildConfiguration section */

/* Begin XCConfigurationList section */
		268E782022036625000163A3 /* Build configuration list for PBXProject "Magic the Gathering PVP" */ = {
			isa = XCConfigurationList;
			buildConfigurations = (
				268E785122036626000163A3 /* Debug */,
				268E785222036626000163A3 /* Release */,
			);
			defaultConfigurationIsVisible = 0;
			defaultConfigurationName = Release;
		};
		268E785322036626000163A3 /* Build configuration list for PBXNativeTarget "Magic the Gathering PVP" */ = {
			isa = XCConfigurationList;
			buildConfigurations = (
				268E785422036626000163A3 /* Debug */,
				268E785522036626000163A3 /* Release */,
			);
			defaultConfigurationIsVisible = 0;
			defaultConfigurationName = Release;
		};
		268E785622036626000163A3 /* Build configuration list for PBXNativeTarget "Magic the Gathering PVPTests" */ = {
			isa = XCConfigurationList;
			buildConfigurations = (
				268E785722036626000163A3 /* Debug */,
				268E785822036626000163A3 /* Release */,
			);
			defaultConfigurationIsVisible = 0;
			defaultConfigurationName = Release;
		};
		268E785922036626000163A3 /* Build configuration list for PBXNativeTarget "Magic the Gathering PVPUITests" */ = {
			isa = XCConfigurationList;
			buildConfigurations = (
				268E785A22036626000163A3 /* Debug */,
				268E785B22036626000163A3 /* Release */,
			);
			defaultConfigurationIsVisible = 0;
			defaultConfigurationName = Release;
		};
/* End XCConfigurationList section */
	};
	rootObject = 268E781D22036625000163A3 /* Project object */;
}
